// !$*UTF8*$!
{
	archiveVersion = 1;
	classes = {
	};
	objectVersion = 48;
	objects = {

/* Begin PBXBuildFile section */
		4204F7CE0F5EE40F71A17706 /* Pods_WikiSearch.framework in Frameworks */ = {isa = PBXBuildFile; fileRef = 0743380A9A4305913BC48FF0 /* Pods_WikiSearch.framework */; };
		FE541F561F6C164000F67185 /* WHOOSH_2.mp3 in Resources */ = {isa = PBXBuildFile; fileRef = FE541F521F6C164000F67185 /* WHOOSH_2.mp3 */; };
		FE541F571F6C164000F67185 /* WHOOSH_1.mp3 in Resources */ = {isa = PBXBuildFile; fileRef = FE541F531F6C164000F67185 /* WHOOSH_1.mp3 */; };
		FE541F581F6C164000F67185 /* WHOOSH_4.mp3 in Resources */ = {isa = PBXBuildFile; fileRef = FE541F541F6C164000F67185 /* WHOOSH_4.mp3 */; };
		FE541F591F6C164000F67185 /* WHOOSH_3.mp3 in Resources */ = {isa = PBXBuildFile; fileRef = FE541F551F6C164000F67185 /* WHOOSH_3.mp3 */; };
		FE75397E1F6B094400EC5547 /* WikiPhotoDetail.swift in Sources */ = {isa = PBXBuildFile; fileRef = FE75397D1F6B094400EC5547 /* WikiPhotoDetail.swift */; };
		FE7539801F6B0B1700EC5547 /* FadeAnimator.swift in Sources */ = {isa = PBXBuildFile; fileRef = FE75397F1F6B0B1700EC5547 /* FadeAnimator.swift */; };
		FE77BB1E1F6985F4002EB6AF /* AppDelegate.swift in Sources */ = {isa = PBXBuildFile; fileRef = FE77BB1D1F6985F4002EB6AF /* AppDelegate.swift */; };
		FE77BB231F6985F4002EB6AF /* Main.storyboard in Resources */ = {isa = PBXBuildFile; fileRef = FE77BB211F6985F4002EB6AF /* Main.storyboard */; };
		FE77BB251F6985F4002EB6AF /* Assets.xcassets in Resources */ = {isa = PBXBuildFile; fileRef = FE77BB241F6985F4002EB6AF /* Assets.xcassets */; };
		FE77BB281F6985F4002EB6AF /* LaunchScreen.storyboard in Resources */ = {isa = PBXBuildFile; fileRef = FE77BB261F6985F4002EB6AF /* LaunchScreen.storyboard */; };
		FE77BB311F698E34002EB6AF /* WikiPage.swift in Sources */ = {isa = PBXBuildFile; fileRef = FE77BB301F698E34002EB6AF /* WikiPage.swift */; };
		FE77BB331F698ECD002EB6AF /* WikiData.swift in Sources */ = {isa = PBXBuildFile; fileRef = FE77BB321F698ECD002EB6AF /* WikiData.swift */; };
		FE77BB351F699053002EB6AF /* WikiAPIClient.swift in Sources */ = {isa = PBXBuildFile; fileRef = FE77BB341F699053002EB6AF /* WikiAPIClient.swift */; };
		FED977A41F69B21500F9BE29 /* PhotosViewController.swift in Sources */ = {isa = PBXBuildFile; fileRef = FED977A31F69B21500F9BE29 /* PhotosViewController.swift */; };
		FED977A71F69E0D100F9BE29 /* Gooroo Logo.png in Resources */ = {isa = PBXBuildFile; fileRef = FED977A61F69E0D100F9BE29 /* Gooroo Logo.png */; };
		FED977A91F69F3E400F9BE29 /* WikiPhotoCell.swift in Sources */ = {isa = PBXBuildFile; fileRef = FED977A81F69F3E400F9BE29 /* WikiPhotoCell.swift */; };
/* End PBXBuildFile section */

/* Begin PBXFileReference section */
		0743380A9A4305913BC48FF0 /* Pods_WikiSearch.framework */ = {isa = PBXFileReference; explicitFileType = wrapper.framework; includeInIndex = 0; path = Pods_WikiSearch.framework; sourceTree = BUILT_PRODUCTS_DIR; };
		08E3A064883CF888E82D8B4D /* Pods-WikiSearch.release.xcconfig */ = {isa = PBXFileReference; includeInIndex = 1; lastKnownFileType = text.xcconfig; name = "Pods-WikiSearch.release.xcconfig"; path = "Pods/Target Support Files/Pods-WikiSearch/Pods-WikiSearch.release.xcconfig"; sourceTree = "<group>"; };
		CB94D4D71FCBBBA4EC32AF2B /* Pods-WikiSearch.debug.xcconfig */ = {isa = PBXFileReference; includeInIndex = 1; lastKnownFileType = text.xcconfig; name = "Pods-WikiSearch.debug.xcconfig"; path = "Pods/Target Support Files/Pods-WikiSearch/Pods-WikiSearch.debug.xcconfig"; sourceTree = "<group>"; };
		FE541F521F6C164000F67185 /* WHOOSH_2.mp3 */ = {isa = PBXFileReference; lastKnownFileType = audio.mp3; path = WHOOSH_2.mp3; sourceTree = "<group>"; };
		FE541F531F6C164000F67185 /* WHOOSH_1.mp3 */ = {isa = PBXFileReference; lastKnownFileType = audio.mp3; path = WHOOSH_1.mp3; sourceTree = "<group>"; };
		FE541F541F6C164000F67185 /* WHOOSH_4.mp3 */ = {isa = PBXFileReference; lastKnownFileType = audio.mp3; path = WHOOSH_4.mp3; sourceTree = "<group>"; };
		FE541F551F6C164000F67185 /* WHOOSH_3.mp3 */ = {isa = PBXFileReference; lastKnownFileType = audio.mp3; path = WHOOSH_3.mp3; sourceTree = "<group>"; };
		FE75397D1F6B094400EC5547 /* WikiPhotoDetail.swift */ = {isa = PBXFileReference; lastKnownFileType = sourcecode.swift; path = WikiPhotoDetail.swift; sourceTree = "<group>"; };
		FE75397F1F6B0B1700EC5547 /* FadeAnimator.swift */ = {isa = PBXFileReference; lastKnownFileType = sourcecode.swift; path = FadeAnimator.swift; sourceTree = "<group>"; };
		FE77BB1A1F6985F4002EB6AF /* WikiSearch.app */ = {isa = PBXFileReference; explicitFileType = wrapper.application; includeInIndex = 0; path = WikiSearch.app; sourceTree = BUILT_PRODUCTS_DIR; };
		FE77BB1D1F6985F4002EB6AF /* AppDelegate.swift */ = {isa = PBXFileReference; lastKnownFileType = sourcecode.swift; path = AppDelegate.swift; sourceTree = "<group>"; };
		FE77BB221F6985F4002EB6AF /* Base */ = {isa = PBXFileReference; lastKnownFileType = file.storyboard; name = Base; path = Base.lproj/Main.storyboard; sourceTree = "<group>"; };
		FE77BB241F6985F4002EB6AF /* Assets.xcassets */ = {isa = PBXFileReference; lastKnownFileType = folder.assetcatalog; path = Assets.xcassets; sourceTree = "<group>"; };
		FE77BB271F6985F4002EB6AF /* Base */ = {isa = PBXFileReference; lastKnownFileType = file.storyboard; name = Base; path = Base.lproj/LaunchScreen.storyboard; sourceTree = "<group>"; };
		FE77BB291F6985F4002EB6AF /* Info.plist */ = {isa = PBXFileReference; lastKnownFileType = text.plist.xml; path = Info.plist; sourceTree = "<group>"; };
		FE77BB301F698E34002EB6AF /* WikiPage.swift */ = {isa = PBXFileReference; lastKnownFileType = sourcecode.swift; path = WikiPage.swift; sourceTree = "<group>"; };
		FE77BB321F698ECD002EB6AF /* WikiData.swift */ = {isa = PBXFileReference; lastKnownFileType = sourcecode.swift; path = WikiData.swift; sourceTree = "<group>"; };
		FE77BB341F699053002EB6AF /* WikiAPIClient.swift */ = {isa = PBXFileReference; lastKnownFileType = sourcecode.swift; path = WikiAPIClient.swift; sourceTree = "<group>"; };
		FED977A31F69B21500F9BE29 /* PhotosViewController.swift */ = {isa = PBXFileReference; lastKnownFileType = sourcecode.swift; path = PhotosViewController.swift; sourceTree = "<group>"; };
		FED977A61F69E0D100F9BE29 /* Gooroo Logo.png */ = {isa = PBXFileReference; lastKnownFileType = image.png; path = "Gooroo Logo.png"; sourceTree = "<group>"; };
		FED977A81F69F3E400F9BE29 /* WikiPhotoCell.swift */ = {isa = PBXFileReference; lastKnownFileType = sourcecode.swift; path = WikiPhotoCell.swift; sourceTree = "<group>"; };
/* End PBXFileReference section */

/* Begin PBXFrameworksBuildPhase section */
		FE77BB171F6985F4002EB6AF /* Frameworks */ = {
			isa = PBXFrameworksBuildPhase;
			buildActionMask = 2147483647;
			files = (
				4204F7CE0F5EE40F71A17706 /* Pods_WikiSearch.framework in Frameworks */,
			);
			runOnlyForDeploymentPostprocessing = 0;
		};
/* End PBXFrameworksBuildPhase section */

/* Begin PBXGroup section */
		1781ABBF6857886464358DBE /* Frameworks */ = {
			isa = PBXGroup;
			children = (
				0743380A9A4305913BC48FF0 /* Pods_WikiSearch.framework */,
			);
			name = Frameworks;
			sourceTree = "<group>";
		};
		180D8B61D0B85CC920322AAD /* Pods */ = {
			isa = PBXGroup;
			children = (
				CB94D4D71FCBBBA4EC32AF2B /* Pods-WikiSearch.debug.xcconfig */,
				08E3A064883CF888E82D8B4D /* Pods-WikiSearch.release.xcconfig */,
			);
			name = Pods;
			sourceTree = "<group>";
		};
		FE541F511F6C160900F67185 /* Sounds */ = {
			isa = PBXGroup;
			children = (
				FE541F531F6C164000F67185 /* WHOOSH_1.mp3 */,
				FE541F521F6C164000F67185 /* WHOOSH_2.mp3 */,
				FE541F551F6C164000F67185 /* WHOOSH_3.mp3 */,
				FE541F541F6C164000F67185 /* WHOOSH_4.mp3 */,
			);
			path = Sounds;
			sourceTree = "<group>";
		};
		FE77BB111F6985F4002EB6AF = {
			isa = PBXGroup;
			children = (
				FE77BB1C1F6985F4002EB6AF /* WikiSearch */,
				FE77BB1B1F6985F4002EB6AF /* Products */,
				180D8B61D0B85CC920322AAD /* Pods */,
				1781ABBF6857886464358DBE /* Frameworks */,
			);
			sourceTree = "<group>";
		};
		FE77BB1B1F6985F4002EB6AF /* Products */ = {
			isa = PBXGroup;
			children = (
				FE77BB1A1F6985F4002EB6AF /* WikiSearch.app */,
			);
			name = Products;
			sourceTree = "<group>";
		};
		FE77BB1C1F6985F4002EB6AF /* WikiSearch */ = {
			isa = PBXGroup;
			children = (
				FE541F511F6C160900F67185 /* Sounds */,
				FED977A31F69B21500F9BE29 /* PhotosViewController.swift */,
				FE77BB1D1F6985F4002EB6AF /* AppDelegate.swift */,
				FE77BB321F698ECD002EB6AF /* WikiData.swift */,
				FE77BB341F699053002EB6AF /* WikiAPIClient.swift */,
				FED977A81F69F3E400F9BE29 /* WikiPhotoCell.swift */,
				FE75397D1F6B094400EC5547 /* WikiPhotoDetail.swift */,
				FE75397F1F6B0B1700EC5547 /* FadeAnimator.swift */,
				FE77BB2F1F698DED002EB6AF /* Model */,
				FE77BB211F6985F4002EB6AF /* Main.storyboard */,
				FE77BB241F6985F4002EB6AF /* Assets.xcassets */,
				FE77BB291F6985F4002EB6AF /* Info.plist */,
				FE77BB261F6985F4002EB6AF /* LaunchScreen.storyboard */,
				FED977A61F69E0D100F9BE29 /* Gooroo Logo.png */,
			);
			path = WikiSearch;
			sourceTree = "<group>";
		};
		FE77BB2F1F698DED002EB6AF /* Model */ = {
			isa = PBXGroup;
			children = (
				FE77BB301F698E34002EB6AF /* WikiPage.swift */,
			);
			path = Model;
			sourceTree = "<group>";
		};
/* End PBXGroup section */

/* Begin PBXNativeTarget section */
		FE77BB191F6985F4002EB6AF /* WikiSearch */ = {
			isa = PBXNativeTarget;
			buildConfigurationList = FE77BB2C1F6985F4002EB6AF /* Build configuration list for PBXNativeTarget "WikiSearch" */;
			buildPhases = (
				778213037C3D400B59674903 /* [CP] Check Pods Manifest.lock */,
				FE77BB161F6985F4002EB6AF /* Sources */,
				FE77BB171F6985F4002EB6AF /* Frameworks */,
				FE77BB181F6985F4002EB6AF /* Resources */,
				2FD4A25CAC439170AC22C3E4 /* [CP] Embed Pods Frameworks */,
				F5D172A183862F37E65673CD /* [CP] Copy Pods Resources */,
			);
			buildRules = (
			);
			dependencies = (
			);
			name = WikiSearch;
			productName = "Gooroo WikiSearch";
			productReference = FE77BB1A1F6985F4002EB6AF /* WikiSearch.app */;
			productType = "com.apple.product-type.application";
		};
/* End PBXNativeTarget section */

/* Begin PBXProject section */
		FE77BB121F6985F4002EB6AF /* Project object */ = {
			isa = PBXProject;
			attributes = {
				LastSwiftUpdateCheck = 0900;
				LastUpgradeCheck = 0900;
				ORGANIZATIONNAME = "Lawrence Herman";
				TargetAttributes = {
					FE77BB191F6985F4002EB6AF = {
						CreatedOnToolsVersion = 9.0;
						ProvisioningStyle = Automatic;
					};
				};
			};
			buildConfigurationList = FE77BB151F6985F4002EB6AF /* Build configuration list for PBXProject "WikiSearch" */;
			compatibilityVersion = "Xcode 8.0";
			developmentRegion = en;
			hasScannedForEncodings = 0;
			knownRegions = (
				en,
				Base,
			);
			mainGroup = FE77BB111F6985F4002EB6AF;
			productRefGroup = FE77BB1B1F6985F4002EB6AF /* Products */;
			projectDirPath = "";
			projectRoot = "";
			targets = (
				FE77BB191F6985F4002EB6AF /* WikiSearch */,
			);
		};
/* End PBXProject section */

/* Begin PBXResourcesBuildPhase section */
		FE77BB181F6985F4002EB6AF /* Resources */ = {
			isa = PBXResourcesBuildPhase;
			buildActionMask = 2147483647;
			files = (
				FE541F571F6C164000F67185 /* WHOOSH_1.mp3 in Resources */,
				FED977A71F69E0D100F9BE29 /* Gooroo Logo.png in Resources */,
				FE541F561F6C164000F67185 /* WHOOSH_2.mp3 in Resources */,
				FE77BB281F6985F4002EB6AF /* LaunchScreen.storyboard in Resources */,
				FE541F591F6C164000F67185 /* WHOOSH_3.mp3 in Resources */,
				FE541F581F6C164000F67185 /* WHOOSH_4.mp3 in Resources */,
				FE77BB251F6985F4002EB6AF /* Assets.xcassets in Resources */,
				FE77BB231F6985F4002EB6AF /* Main.storyboard in Resources */,
			);
			runOnlyForDeploymentPostprocessing = 0;
		};
/* End PBXResourcesBuildPhase section */

/* Begin PBXShellScriptBuildPhase section */
		2FD4A25CAC439170AC22C3E4 /* [CP] Embed Pods Frameworks */ = {
			isa = PBXShellScriptBuildPhase;
			buildActionMask = 2147483647;
			files = (
			);
			inputPaths = (
				"${SRCROOT}/Pods/Target Support Files/Pods-WikiSearch/Pods-WikiSearch-frameworks.sh",
				"${BUILT_PRODUCTS_DIR}/Kingfisher/Kingfisher.framework",
			);
			name = "[CP] Embed Pods Frameworks";
			outputPaths = (
				"${TARGET_BUILD_DIR}/${FRAMEWORKS_FOLDER_PATH}/Kingfisher.framework",
			);
			runOnlyForDeploymentPostprocessing = 0;
			shellPath = /bin/sh;
			shellScript = "\"${SRCROOT}/Pods/Target Support Files/Pods-WikiSearch/Pods-WikiSearch-frameworks.sh\"\n";
			showEnvVarsInLog = 0;
		};
		778213037C3D400B59674903 /* [CP] Check Pods Manifest.lock */ = {
			isa = PBXShellScriptBuildPhase;
			buildActionMask = 2147483647;
			files = (
			);
			inputPaths = (
				"${PODS_PODFILE_DIR_PATH}/Podfile.lock",
				"${PODS_ROOT}/Manifest.lock",
			);
			name = "[CP] Check Pods Manifest.lock";
			outputPaths = (
				"$(DERIVED_FILE_DIR)/Pods-WikiSearch-checkManifestLockResult.txt",
			);
			runOnlyForDeploymentPostprocessing = 0;
			shellPath = /bin/sh;
			shellScript = "diff \"${PODS_PODFILE_DIR_PATH}/Podfile.lock\" \"${PODS_ROOT}/Manifest.lock\" > /dev/null\nif [ $? != 0 ] ; then\n    # print error to STDERR\n    echo \"error: The sandbox is not in sync with the Podfile.lock. Run 'pod install' or update your CocoaPods installation.\" >&2\n    exit 1\nfi\n# This output is used by Xcode 'outputs' to avoid re-running this script phase.\necho \"SUCCESS\" > \"${SCRIPT_OUTPUT_FILE_0}\"\n";
			showEnvVarsInLog = 0;
		};
		F5D172A183862F37E65673CD /* [CP] Copy Pods Resources */ = {
			isa = PBXShellScriptBuildPhase;
			buildActionMask = 2147483647;
			files = (
			);
			inputPaths = (
			);
			name = "[CP] Copy Pods Resources";
			outputPaths = (
			);
			runOnlyForDeploymentPostprocessing = 0;
			shellPath = /bin/sh;
			shellScript = "\"${SRCROOT}/Pods/Target Support Files/Pods-WikiSearch/Pods-WikiSearch-resources.sh\"\n";
			showEnvVarsInLog = 0;
		};
/* End PBXShellScriptBuildPhase section */

/* Begin PBXSourcesBuildPhase section */
		FE77BB161F6985F4002EB6AF /* Sources */ = {
			isa = PBXSourcesBuildPhase;
			buildActionMask = 2147483647;
			files = (
				FE7539801F6B0B1700EC5547 /* FadeAnimator.swift in Sources */,
				FE75397E1F6B094400EC5547 /* WikiPhotoDetail.swift in Sources */,
				FE77BB351F699053002EB6AF /* WikiAPIClient.swift in Sources */,
				FE77BB311F698E34002EB6AF /* WikiPage.swift in Sources */,
				FE77BB1E1F6985F4002EB6AF /* AppDelegate.swift in Sources */,
				FE77BB331F698ECD002EB6AF /* WikiData.swift in Sources */,
				FED977A91F69F3E400F9BE29 /* WikiPhotoCell.swift in Sources */,
				FED977A41F69B21500F9BE29 /* PhotosViewController.swift in Sources */,
			);
			runOnlyForDeploymentPostprocessing = 0;
		};
/* End PBXSourcesBuildPhase section */

/* Begin PBXVariantGroup section */
		FE77BB211F6985F4002EB6AF /* Main.storyboard */ = {
			isa = PBXVariantGroup;
			children = (
				FE77BB221F6985F4002EB6AF /* Base */,
			);
			name = Main.storyboard;
			sourceTree = "<group>";
		};
		FE77BB261F6985F4002EB6AF /* LaunchScreen.storyboard */ = {
			isa = PBXVariantGroup;
			children = (
				FE77BB271F6985F4002EB6AF /* Base */,
			);
			name = LaunchScreen.storyboard;
			sourceTree = "<group>";
		};
/* End PBXVariantGroup section */

/* Begin XCBuildConfiguration section */
		FE77BB2A1F6985F4002EB6AF /* Debug */ = {
			isa = XCBuildConfiguration;
			buildSettings = {
				ALWAYS_SEARCH_USER_PATHS = NO;
				CLANG_ANALYZER_NONNULL = YES;
				CLANG_ANALYZER_NUMBER_OBJECT_CONVERSION = YES_AGGRESSIVE;
				CLANG_CXX_LANGUAGE_STANDARD = "gnu++14";
				CLANG_CXX_LIBRARY = "libc++";
				CLANG_ENABLE_MODULES = YES;
				CLANG_ENABLE_OBJC_ARC = YES;
				CLANG_WARN_BLOCK_CAPTURE_AUTORELEASING = YES;
				CLANG_WARN_BOOL_CONVERSION = YES;
				CLANG_WARN_COMMA = YES;
				CLANG_WARN_CONSTANT_CONVERSION = YES;
				CLANG_WARN_DIRECT_OBJC_ISA_USAGE = YES_ERROR;
				CLANG_WARN_DOCUMENTATION_COMMENTS = YES;
				CLANG_WARN_EMPTY_BODY = YES;
				CLANG_WARN_ENUM_CONVERSION = YES;
				CLANG_WARN_INFINITE_RECURSION = YES;
				CLANG_WARN_INT_CONVERSION = YES;
				CLANG_WARN_NON_LITERAL_NULL_CONVERSION = YES;
				CLANG_WARN_OBJC_LITERAL_CONVERSION = YES;
				CLANG_WARN_OBJC_ROOT_CLASS = YES_ERROR;
				CLANG_WARN_RANGE_LOOP_ANALYSIS = YES;
				CLANG_WARN_STRICT_PROTOTYPES = YES;
				CLANG_WARN_SUSPICIOUS_MOVE = YES;
				CLANG_WARN_UNGUARDED_AVAILABILITY = YES_AGGRESSIVE;
				CLANG_WARN_UNREACHABLE_CODE = YES;
				CLANG_WARN__DUPLICATE_METHOD_MATCH = YES;
				CODE_SIGN_IDENTITY = "iPhone Developer";
				COPY_PHASE_STRIP = NO;
				DEBUG_INFORMATION_FORMAT = dwarf;
				ENABLE_STRICT_OBJC_MSGSEND = YES;
				ENABLE_TESTABILITY = YES;
				GCC_C_LANGUAGE_STANDARD = gnu11;
				GCC_DYNAMIC_NO_PIC = NO;
				GCC_NO_COMMON_BLOCKS = YES;
				GCC_OPTIMIZATION_LEVEL = 0;
				GCC_PREPROCESSOR_DEFINITIONS = (
					"DEBUG=1",
					"$(inherited)",
				);
				GCC_WARN_64_TO_32_BIT_CONVERSION = YES;
				GCC_WARN_ABOUT_RETURN_TYPE = YES_ERROR;
				GCC_WARN_UNDECLARED_SELECTOR = YES;
				GCC_WARN_UNINITIALIZED_AUTOS = YES_AGGRESSIVE;
				GCC_WARN_UNUSED_FUNCTION = YES;
				GCC_WARN_UNUSED_VARIABLE = YES;
				IPHONEOS_DEPLOYMENT_TARGET = 11.0;
				MTL_ENABLE_DEBUG_INFO = YES;
				ONLY_ACTIVE_ARCH = YES;
				SDKROOT = iphoneos;
				SWIFT_ACTIVE_COMPILATION_CONDITIONS = DEBUG;
				SWIFT_OPTIMIZATION_LEVEL = "-Onone";
			};
			name = Debug;
		};
		FE77BB2B1F6985F4002EB6AF /* Release */ = {
			isa = XCBuildConfiguration;
			buildSettings = {
				ALWAYS_SEARCH_USER_PATHS = NO;
				CLANG_ANALYZER_NONNULL = YES;
				CLANG_ANALYZER_NUMBER_OBJECT_CONVERSION = YES_AGGRESSIVE;
				CLANG_CXX_LANGUAGE_STANDARD = "gnu++14";
				CLANG_CXX_LIBRARY = "libc++";
				CLANG_ENABLE_MODULES = YES;
				CLANG_ENABLE_OBJC_ARC = YES;
				CLANG_WARN_BLOCK_CAPTURE_AUTORELEASING = YES;
				CLANG_WARN_BOOL_CONVERSION = YES;
				CLANG_WARN_COMMA = YES;
				CLANG_WARN_CONSTANT_CONVERSION = YES;
				CLANG_WARN_DIRECT_OBJC_ISA_USAGE = YES_ERROR;
				CLANG_WARN_DOCUMENTATION_COMMENTS = YES;
				CLANG_WARN_EMPTY_BODY = YES;
				CLANG_WARN_ENUM_CONVERSION = YES;
				CLANG_WARN_INFINITE_RECURSION = YES;
				CLANG_WARN_INT_CONVERSION = YES;
				CLANG_WARN_NON_LITERAL_NULL_CONVERSION = YES;
				CLANG_WARN_OBJC_LITERAL_CONVERSION = YES;
				CLANG_WARN_OBJC_ROOT_CLASS = YES_ERROR;
				CLANG_WARN_RANGE_LOOP_ANALYSIS = YES;
				CLANG_WARN_STRICT_PROTOTYPES = YES;
				CLANG_WARN_SUSPICIOUS_MOVE = YES;
				CLANG_WARN_UNGUARDED_AVAILABILITY = YES_AGGRESSIVE;
				CLANG_WARN_UNREACHABLE_CODE = YES;
				CLANG_WARN__DUPLICATE_METHOD_MATCH = YES;
				CODE_SIGN_IDENTITY = "iPhone Developer";
				COPY_PHASE_STRIP = NO;
				DEBUG_INFORMATION_FORMAT = "dwarf-with-dsym";
				ENABLE_NS_ASSERTIONS = NO;
				ENABLE_STRICT_OBJC_MSGSEND = YES;
				GCC_C_LANGUAGE_STANDARD = gnu11;
				GCC_NO_COMMON_BLOCKS = YES;
				GCC_WARN_64_TO_32_BIT_CONVERSION = YES;
				GCC_WARN_ABOUT_RETURN_TYPE = YES_ERROR;
				GCC_WARN_UNDECLARED_SELECTOR = YES;
				GCC_WARN_UNINITIALIZED_AUTOS = YES_AGGRESSIVE;
				GCC_WARN_UNUSED_FUNCTION = YES;
				GCC_WARN_UNUSED_VARIABLE = YES;
				IPHONEOS_DEPLOYMENT_TARGET = 11.0;
				MTL_ENABLE_DEBUG_INFO = NO;
				SDKROOT = iphoneos;
				SWIFT_OPTIMIZATION_LEVEL = "-Owholemodule";
				VALIDATE_PRODUCT = YES;
			};
			name = Release;
		};
		FE77BB2D1F6985F4002EB6AF /* Debug */ = {
			isa = XCBuildConfiguration;
			baseConfigurationReference = CB94D4D71FCBBBA4EC32AF2B /* Pods-WikiSearch.debug.xcconfig */;
			buildSettings = {
				ASSETCATALOG_COMPILER_APPICON_NAME = AppIcon;
				CODE_SIGN_STYLE = Automatic;
				DEVELOPMENT_TEAM = GB3732J7W2;
				INFOPLIST_FILE = "$(SRCROOT)/WikiSearch/Info.plist";
				IPHONEOS_DEPLOYMENT_TARGET = 9.0;
				LD_RUNPATH_SEARCH_PATHS = "$(inherited) @executable_path/Frameworks";
				PRODUCT_BUNDLE_IDENTIFIER = "Lawrence-Herman.WikiSearch";
				PRODUCT_NAME = "$(TARGET_NAME)";
				SWIFT_VERSION = 4.0;
				TARGETED_DEVICE_FAMILY = "1,2";
			};
			name = Debug;
		};
		FE77BB2E1F6985F4002EB6AF /* Release */ = {
			isa = XCBuildConfiguration;
			baseConfigurationReference = 08E3A064883CF888E82D8B4D /* Pods-WikiSearch.release.xcconfig */;
			buildSettings = {
				ASSETCATALOG_COMPILER_APPICON_NAME = AppIcon;
				CODE_SIGN_STYLE = Automatic;
				DEVELOPMENT_TEAM = GB3732J7W2;
				INFOPLIST_FILE = "$(SRCROOT)/WikiSearch/Info.plist";
				IPHONEOS_DEPLOYMENT_TARGET = 9.0;
				LD_RUNPATH_SEARCH_PATHS = "$(inherited) @executable_path/Frameworks";
				PRODUCT_BUNDLE_IDENTIFIER = "Lawrence-Herman.WikiSearch";
				PRODUCT_NAME = "$(TARGET_NAME)";
				SWIFT_VERSION = 4.0;
				TARGETED_DEVICE_FAMILY = "1,2";
			};
			name = Release;
		};
/* End XCBuildConfiguration section */

/* Begin XCConfigurationList section */
		FE77BB151F6985F4002EB6AF /* Build configuration list for PBXProject "WikiSearch" */ = {
			isa = XCConfigurationList;
			buildConfigurations = (
				FE77BB2A1F6985F4002EB6AF /* Debug */,
				FE77BB2B1F6985F4002EB6AF /* Release */,
			);
			defaultConfigurationIsVisible = 0;
			defaultConfigurationName = Release;
		};
		FE77BB2C1F6985F4002EB6AF /* Build configuration list for PBXNativeTarget "WikiSearch" */ = {
			isa = XCConfigurationList;
			buildConfigurations = (
				FE77BB2D1F6985F4002EB6AF /* Debug */,
				FE77BB2E1F6985F4002EB6AF /* Release */,
			);
			defaultConfigurationIsVisible = 0;
			defaultConfigurationName = Release;
		};
/* End XCConfigurationList section */
	};
	rootObject = FE77BB121F6985F4002EB6AF /* Project object */;
}
